
Microsoft Visual Studio Solution File, Format Version 12.00
# Visual Studio Version 17
VisualStudioVersion = 17.2.32616.157
MinimumVisualStudioVersion = 10.0.40219.1
Project("{9A19103F-16F7-4668-BE54-9A1E7A4F7556}") = "BlogLab.Web", "BlogLab.Web\BlogLab.Web.csproj", "{A3B37852-A412-4C30-A2D4-4723DDBD6E30}"
EndProject
Project("{9A19103F-16F7-4668-BE54-9A1E7A4F7556}") = "BlogLab.Models", "BlogLabModels\BlogLab.Models.csproj", "{A9C2703F-2554-4224-90E7-F89C18548279}"
EndProject
Project("{9A19103F-16F7-4668-BE54-9A1E7A4F7556}") = "BlogLab.Repository", "BlogLabRepository\BlogLab.Repository.csproj", "{254E7D92-4B82-4DB4-91B9-DFC00F4216F9}"
EndProject
Project("{FAE04EC0-301F-11D3-BF4B-00C04F79EFBC}") = "BlogLab.Identity", "BlogLabIdentity\BlogLab.Identity.csproj", "{8F25C539-9115-46C9-BE43-54A4B3FB018E}"
EndProject
Global
	GlobalSection(SolutionConfigurationPlatforms) = preSolution
		Debug|Any CPU = Debug|Any CPU
		Release|Any CPU = Release|Any CPU
	EndGlobalSection
	GlobalSection(ProjectConfigurationPlatforms) = postSolution
		{A3B37852-A412-4C30-A2D4-4723DDBD6E30}.Debug|Any CPU.ActiveCfg = Debug|Any CPU
		{A3B37852-A412-4C30-A2D4-4723DDBD6E30}.Debug|Any CPU.Build.0 = Debug|Any CPU
		{A3B37852-A412-4C30-A2D4-4723DDBD6E30}.Release|Any CPU.ActiveCfg = Release|Any CPU
		{A3B37852-A412-4C30-A2D4-4723DDBD6E30}.Release|Any CPU.Build.0 = Release|Any CPU
		{A9C2703F-2554-4224-90E7-F89C18548279}.Debug|Any CPU.ActiveCfg = Debug|Any CPU
		{A9C2703F-2554-4224-90E7-F89C18548279}.Debug|Any CPU.Build.0 = Debug|Any CPU
		{A9C2703F-2554-4224-90E7-F89C18548279}.Release|Any CPU.ActiveCfg = Release|Any CPU
		{A9C2703F-2554-4224-90E7-F89C18548279}.Release|Any CPU.Build.0 = Release|Any CPU
		{254E7D92-4B82-4DB4-91B9-DFC00F4216F9}.Debug|Any CPU.ActiveCfg = Debug|Any CPU
		{254E7D92-4B82-4DB4-91B9-DFC00F4216F9}.Debug|Any CPU.Build.0 = Debug|Any CPU
		{254E7D92-4B82-4DB4-91B9-DFC00F4216F9}.Release|Any CPU.ActiveCfg = Release|Any CPU
		{254E7D92-4B82-4DB4-91B9-DFC00F4216F9}.Release|Any CPU.Build.0 = Release|Any CPU
		{8F25C539-9115-46C9-BE43-54A4B3FB018E}.Debug|Any CPU.ActiveCfg = Debug|Any CPU
		{8F25C539-9115-46C9-BE43-54A4B3FB018E}.Debug|Any CPU.Build.0 = Debug|Any CPU
		{8F25C539-9115-46C9-BE43-54A4B3FB018E}.Release|Any CPU.ActiveCfg = Release|Any CPU
		{8F25C539-9115-46C9-BE43-54A4B3FB018E}.Release|Any CPU.Build.0 = Release|Any CPU
	EndGlobalSection
	GlobalSection(SolutionProperties) = preSolution
		HideSolutionNode = FALSE
	EndGlobalSection
	GlobalSection(ExtensibilityGlobals) = postSolution
		SolutionGuid = {9AE87172-2467-4E38-A3BD-3F380A8FEDB7}
	EndGlobalSection
EndGlobal
